
Microsoft Visual Studio Solution File, Format Version 12.00
# Visual Studio Version 17
VisualStudioVersion = 17.2.32602.215
MinimumVisualStudioVersion = 10.0.40219.1
Project("{FAE04EC0-301F-11D3-BF4B-00C04F79EFBC}") = "CoffeeTime", "CoffeeTime\CoffeeTime.csproj", "{24013065-C410-4C82-977C-580625ED07F5}"
EndProject
Global
	GlobalSection(SolutionConfigurationPlatforms) = preSolution
		Debug|Any CPU = Debug|Any CPU
		Release|Any CPU = Release|Any CPU
	EndGlobalSection
	GlobalSection(ProjectConfigurationPlatforms) = postSolution
		{24013065-C410-4C82-977C-580625ED07F5}.Debug|Any CPU.ActiveCfg = Debug|Any CPU
		{24013065-C410-4C82-977C-580625ED07F5}.Debug|Any CPU.Build.0 = Debug|Any CPU
		{24013065-C410-4C82-977C-580625ED07F5}.Release|Any CPU.ActiveCfg = Release|Any CPU
		{24013065-C410-4C82-977C-580625ED07F5}.Release|Any CPU.Build.0 = Release|Any CPU
	EndGlobalSection
	GlobalSection(SolutionProperties) = preSolution
		HideSolutionNode = FALSE
	EndGlobalSection
	GlobalSection(ExtensibilityGlobals) = postSolution
		SolutionGuid = {58F0A513-F770-4715-8548-CD63D3B42E7F}
	EndGlobalSection
EndGlobal
