
Microsoft Visual Studio Solution File, Format Version 12.00
# Visual Studio Version 17
VisualStudioVersion = 17.2.32602.215
MinimumVisualStudioVersion = 10.0.40219.1
Project("{FAE04EC0-301F-11D3-BF4B-00C04F79EFBC}") = "HirokiBackend", "HirokiBackend\HirokiBackend.csproj", "{7074636D-0188-43B9-823D-A0040A821FE8}"
EndProject
Global
	GlobalSection(SolutionConfigurationPlatforms) = preSolution
		Debug|Any CPU = Debug|Any CPU
		Release|Any CPU = Release|Any CPU
	EndGlobalSection
	GlobalSection(ProjectConfigurationPlatforms) = postSolution
		{7074636D-0188-43B9-823D-A0040A821FE8}.Debug|Any CPU.ActiveCfg = Debug|Any CPU
		{7074636D-0188-43B9-823D-A0040A821FE8}.Debug|Any CPU.Build.0 = Debug|Any CPU
		{7074636D-0188-43B9-823D-A0040A821FE8}.Release|Any CPU.ActiveCfg = Release|Any CPU
		{7074636D-0188-43B9-823D-A0040A821FE8}.Release|Any CPU.Build.0 = Release|Any CPU
	EndGlobalSection
	GlobalSection(SolutionProperties) = preSolution
		HideSolutionNode = FALSE
	EndGlobalSection
	GlobalSection(ExtensibilityGlobals) = postSolution
		SolutionGuid = {23A68AE4-1A5B-4654-A562-5DD64D113C34}
	EndGlobalSection
EndGlobal
